{
    "name": "substreams-sink-victoria-metrics",
    "version": "0.0.14",
    "lockfileVersion": 3,
    "requires": true,
    "packages": {
        "": {
            "name": "substreams-sink-victoria-metrics",
            "version": "0.0.14",
            "license": "MIT OR Apache-2.0",
            "dependencies": {
                "@substreams/core": "^0.7.0",
                "glob": "latest",
                "substreams-sink": "^0.13.0"
            },
            "bin": {
                "substreams-sink-victoria-metrics": "dist/bin/cli.js"
            },
            "devDependencies": {
                "bun-types": "latest",
                "typescript": "latest"
            }
        },
        "node_modules/@bufbuild/buf": {
            "version": "1.28.1",
            "resolved": "https://registry.npmjs.org/@bufbuild/buf/-/buf-1.28.1.tgz",
            "integrity": "sha512-WRDagrf0uBjfV9s5eyrSPJDcdI4A5Q7JMCA4aMrHRR8fo/TTjniDBjJprszhaguqsDkn/LS4QIu92HVFZCrl9A==",
            "hasInstallScript": true,
            "peer": true,
            "bin": {
                "buf": "bin/buf",
                "protoc-gen-buf-breaking": "bin/protoc-gen-buf-breaking",
                "protoc-gen-buf-lint": "bin/protoc-gen-buf-lint"
            },
            "engines": {
                "node": ">=12"
            },
            "optionalDependencies": {
                "@bufbuild/buf-darwin-arm64": "1.28.1",
                "@bufbuild/buf-darwin-x64": "1.28.1",
                "@bufbuild/buf-linux-aarch64": "1.28.1",
                "@bufbuild/buf-linux-x64": "1.28.1",
                "@bufbuild/buf-win32-arm64": "1.28.1",
                "@bufbuild/buf-win32-x64": "1.28.1"
            }
        },
        "node_modules/@bufbuild/buf-darwin-arm64": {
            "version": "1.28.1",
            "resolved": "https://registry.npmjs.org/@bufbuild/buf-darwin-arm64/-/buf-darwin-arm64-1.28.1.tgz",
            "integrity": "sha512-nAyvwKkcd8qQTExCZo5MtSRhXLK7e3vzKFKHjXfkveRakSUST2HFlFZAHfErZimN4wBrPTN0V0hNRU8PPjkMpQ==",
            "cpu": [
                "arm64"
            ],
            "optional": true,
            "os": [
                "darwin"
            ],
            "peer": true,
            "engines": {
                "node": ">=12"
            }
        },
        "node_modules/@bufbuild/buf-darwin-x64": {
            "version": "1.28.1",
            "resolved": "https://registry.npmjs.org/@bufbuild/buf-darwin-x64/-/buf-darwin-x64-1.28.1.tgz",
            "integrity": "sha512-b0eT3xd3vX5a5lWAbo5h7FPuf9MsOJI4I39qs4TZnrlZ8BOuPfqzwzijiFf9UCwaX2vR1NQXexIoQ80Ci+fCHw==",
            "cpu": [
                "x64"
            ],
            "optional": true,
            "os": [
                "darwin"
            ],
            "peer": true,
            "engines": {
                "node": ">=12"
            }
        },
        "node_modules/@bufbuild/buf-linux-aarch64": {
            "version": "1.28.1",
            "resolved": "https://registry.npmjs.org/@bufbuild/buf-linux-aarch64/-/buf-linux-aarch64-1.28.1.tgz",
            "integrity": "sha512-p5h9bZCVLMh8No9/7k7ulXzsFx5P7Lu6DiUMjSJ6aBXPMYo6Xl7r/6L2cQkpsZ53HMtIxCgMYS9a7zoS4K8wIw==",
            "cpu": [
                "arm64"
            ],
            "optional": true,
            "os": [
                "linux"
            ],
            "peer": true,
            "engines": {
                "node": ">=12"
            }
        },
        "node_modules/@bufbuild/buf-linux-x64": {
            "version": "1.28.1",
            "resolved": "https://registry.npmjs.org/@bufbuild/buf-linux-x64/-/buf-linux-x64-1.28.1.tgz",
            "integrity": "sha512-fVJ3DiRigIso06jgEl+JNp59Y5t2pxDHd10d3SA4r+14sXbZ2J7Gy/wBqVXPry4x/jW567KKlvmhg7M5ZBgCQQ==",
            "cpu": [
                "x64"
            ],
            "optional": true,
            "os": [
                "linux"
            ],
            "peer": true,
            "engines": {
                "node": ">=12"
            }
        },
        "node_modules/@bufbuild/buf-win32-arm64": {
            "version": "1.28.1",
            "resolved": "https://registry.npmjs.org/@bufbuild/buf-win32-arm64/-/buf-win32-arm64-1.28.1.tgz",
            "integrity": "sha512-KJiRJpugQRK/jXC46Xjlb68UydWhCZj2jHdWLIwNtgXd1WTJ3LngChZV7Y6pPK08pwBAVz0JYeVbD5IlTCD4TQ==",
            "cpu": [
                "arm64"
            ],
            "optional": true,
            "os": [
                "win32"
            ],
            "peer": true,
            "engines": {
                "node": ">=12"
            }
        },
        "node_modules/@bufbuild/buf-win32-x64": {
            "version": "1.28.1",
            "resolved": "https://registry.npmjs.org/@bufbuild/buf-win32-x64/-/buf-win32-x64-1.28.1.tgz",
            "integrity": "sha512-vMnc+7OVCkmlRWQsgYHgUqiBPRIjD8XeoRyApJ07YZzGs7DkRH4LhvmacJbLd3wORylbn6gLz3pQa8J/M61mzg==",
            "cpu": [
                "x64"
            ],
            "optional": true,
            "os": [
                "win32"
            ],
            "peer": true,
            "engines": {
                "node": ">=12"
            }
        },
        "node_modules/@bufbuild/protobuf": {
            "version": "1.4.2",
            "resolved": "https://registry.npmjs.org/@bufbuild/protobuf/-/protobuf-1.4.2.tgz",
            "integrity": "sha512-JyEH8Z+OD5Sc2opSg86qMHn1EM1Sa+zj/Tc0ovxdwk56ByVNONJSabuCUbLQp+eKN3rWNfrho0X+3SEqEPXIow=="
        },
        "node_modules/@connectrpc/connect": {
            "version": "1.1.3",
            "resolved": "https://registry.npmjs.org/@connectrpc/connect/-/connect-1.1.3.tgz",
            "integrity": "sha512-AXkbsLQe2Nm7VuoN5nqp05GEb9mPa/f5oFzDqTbHME4i8TghTrlY03uefbhuAq4wjsnfDnmuxHZvn6ndlgXmbg==",
            "peerDependencies": {
                "@bufbuild/protobuf": "^1.3.3"
            }
        },
        "node_modules/@connectrpc/connect-web": {
            "version": "1.1.3",
            "resolved": "https://registry.npmjs.org/@connectrpc/connect-web/-/connect-web-1.1.3.tgz",
            "integrity": "sha512-WfShOZt91duJngqivYF4wJFRbeRa4bF/fPMfDVN0MAYSX3VuaTMn8o9qgKN7tsg2H2ZClyOVQwMkZx6IdcP7Zw==",
            "peerDependencies": {
                "@bufbuild/protobuf": "^1.3.3",
                "@connectrpc/connect": "1.1.3"
            }
        },
        "node_modules/@effect/schema": {
            "version": "0.47.7",
            "resolved": "https://registry.npmjs.org/@effect/schema/-/schema-0.47.7.tgz",
            "integrity": "sha512-rQpzxfGsv2C3HSpwBRYPt7p5eibekWbn+RrYCd6SWtNSF0YPClhZwzBLygQvqDMXHkk3rHuuSOnJvIdqu7o4Hw==",
            "peer": true,
            "peerDependencies": {
                "effect": "2.0.0-next.54",
                "fast-check": "^3.13.2"
            }
        },
        "node_modules/@isaacs/cliui": {
            "version": "8.0.2",
            "resolved": "https://registry.npmjs.org/@isaacs/cliui/-/cliui-8.0.2.tgz",
            "integrity": "sha512-O8jcjabXaleOG9DQ0+ARXWZBTfnP4WNAqzuiJK7ll44AmxGKv/J2M4TPjxjY3znBCfvBXFzucm1twdyFybFqEA==",
            "dependencies": {
                "string-width": "^5.1.2",
                "string-width-cjs": "npm:string-width@^4.2.0",
                "strip-ansi": "^7.0.1",
                "strip-ansi-cjs": "npm:strip-ansi@^6.0.1",
                "wrap-ansi": "^8.1.0",
                "wrap-ansi-cjs": "npm:wrap-ansi@^7.0.0"
            },
            "engines": {
                "node": ">=12"
            }
        },
        "node_modules/@opentelemetry/api": {
            "version": "1.7.0",
            "resolved": "https://registry.npmjs.org/@opentelemetry/api/-/api-1.7.0.tgz",
            "integrity": "sha512-AdY5wvN0P2vXBi3b29hxZgSFvdhdxPB9+f0B6s//P9Q8nibRWeA3cHm8UmLpio9ABigkVHJ5NMPk+Mz8VCCyrw==",
            "engines": {
                "node": ">=8.0.0"
            }
        },
        "node_modules/@pkgjs/parseargs": {
            "version": "0.11.0",
            "resolved": "https://registry.npmjs.org/@pkgjs/parseargs/-/parseargs-0.11.0.tgz",
            "integrity": "sha512-+1VkjdD0QBLPodGrJUeqarH8VAIvQODIbwh9XpP5Syisf7YoQgsJKPNFoqqLQlu+VQ/tVSshMR6loPMn8U+dPg==",
            "optional": true,
            "engines": {
                "node": ">=14"
            }
        },
        "node_modules/@substreams/core": {
            "version": "0.7.0",
            "resolved": "https://registry.npmjs.org/@substreams/core/-/core-0.7.0.tgz",
            "integrity": "sha512-SJ70pbIRWNdp17Ld1QbGJpQ2ohvYUBKiAkOKnODeqLCDmc/xKs66nxJCIzQOvIxqLXVRU3QiBwm6NQB3CKrP0A==",
            "peerDependencies": {
                "@bufbuild/protobuf": "^1.4.2",
                "@connectrpc/connect": "^1.1.3"
            }
        },
        "node_modules/@substreams/manifest": {
            "version": "0.6.0",
            "resolved": "https://registry.npmjs.org/@substreams/manifest/-/manifest-0.6.0.tgz",
            "integrity": "sha512-yPgcnK3WL6Dvx5vEH/CVkjyl5GG9DaV5vGY3YeyuZ7QwXfceoJANSaaBAZX9227kFz+k4/6ERF77P8RrMA5A1Q==",
            "dependencies": {
                "@substreams/core": "0.7.0"
            },
            "peerDependencies": {
                "@bufbuild/buf": "^1.28.0",
                "@bufbuild/protobuf": "^1.4.2",
                "@effect/schema": "^0.47.6",
                "effect": "2.0.0-next.54",
                "yaml": "^2.3.4"
            }
        },
        "node_modules/@substreams/node": {
            "version": "0.4.2",
            "resolved": "https://registry.npmjs.org/@substreams/node/-/node-0.4.2.tgz",
            "integrity": "sha512-CGqN9i+YT81UaW7hoR5gxZcUve2qnwut1cvsURsfSpiTJC+9RDU7vZM9tesm3sAtSxuvNgeGF/7Bfg8jTwiOWw==",
            "dependencies": {
                "@bufbuild/protobuf": "latest",
                "@connectrpc/connect": "latest",
                "@connectrpc/connect-web": "latest",
                "@substreams/core": "^0.7.0",
                "eventemitter3": "latest"
            },
            "engines": {
                "node": ">=18"
            }
        },
        "node_modules/ansi-regex": {
            "version": "6.0.1",
            "resolved": "https://registry.npmjs.org/ansi-regex/-/ansi-regex-6.0.1.tgz",
            "integrity": "sha512-n5M855fKb2SsfMIiFFoVrABHJC8QtHwVx+mHWP3QcEqBHYienj5dHSgjbxtC0WEZXYt4wcD6zrQElDPhFuZgfA==",
            "engines": {
                "node": ">=12"
            },
            "funding": {
                "url": "https://github.com/chalk/ansi-regex?sponsor=1"
            }
        },
        "node_modules/ansi-styles": {
            "version": "6.2.1",
            "resolved": "https://registry.npmjs.org/ansi-styles/-/ansi-styles-6.2.1.tgz",
            "integrity": "sha512-bN798gFfQX+viw3R7yrGWRqnrN2oRkEkUjjl4JNn4E8GxxbjtG3FbrEIIY3l8/hrwUwIeCZvi4QuOTP4MErVug==",
            "engines": {
                "node": ">=12"
            },
            "funding": {
                "url": "https://github.com/chalk/ansi-styles?sponsor=1"
            }
        },
        "node_modules/balanced-match": {
            "version": "1.0.2",
            "resolved": "https://registry.npmjs.org/balanced-match/-/balanced-match-1.0.2.tgz",
            "integrity": "sha512-3oSeUO0TMV67hN1AmbXsK4yaqU7tjiHlbxRDZOpH0KW9+CeX4bRAaX0Anxt0tx2MrpRpWwQaPwIlISEJhYU5Pw=="
        },
        "node_modules/bintrees": {
            "version": "1.0.2",
            "resolved": "https://registry.npmjs.org/bintrees/-/bintrees-1.0.2.tgz",
            "integrity": "sha512-VOMgTMwjAaUG580SXn3LacVgjurrbMme7ZZNYGSSV7mmtY6QQRh0Eg3pwIcntQ77DErK1L0NxkbetjcoXzVwKw=="
        },
        "node_modules/brace-expansion": {
            "version": "2.0.1",
            "resolved": "https://registry.npmjs.org/brace-expansion/-/brace-expansion-2.0.1.tgz",
            "integrity": "sha512-XnAIvQ8eM+kC6aULx6wuQiwVsnzsi9d3WxzV3FpWTGA19F621kwdbsAcFKXgKUHZWsy+mY6iL1sHTxWEFCytDA==",
            "dependencies": {
                "balanced-match": "^1.0.0"
            }
        },
        "node_modules/bun-types": {
            "version": "1.0.13",
            "resolved": "https://registry.npmjs.org/bun-types/-/bun-types-1.0.13.tgz",
            "integrity": "sha512-QQH6NLAOU+2tWgQuDSAYBFy+kQwVhPJLB0Q38QLjCmFUZJEYCiiq7tzvU784LAIX2onzO6gr+gIGXt8yCt0cJw==",
            "dev": true
        },
        "node_modules/color-convert": {
            "version": "2.0.1",
            "resolved": "https://registry.npmjs.org/color-convert/-/color-convert-2.0.1.tgz",
            "integrity": "sha512-RRECPsj7iu/xb5oKYcsFHSppFNnsj/52OVTRKb4zP5onXwVF3zVmmToNcOfGC+CRDpfK/U584fMg38ZHCaElKQ==",
            "dependencies": {
                "color-name": "~1.1.4"
            },
            "engines": {
                "node": ">=7.0.0"
            }
        },
        "node_modules/color-name": {
            "version": "1.1.4",
            "resolved": "https://registry.npmjs.org/color-name/-/color-name-1.1.4.tgz",
            "integrity": "sha512-dOy+3AuW3a2wNbZHIuMZpTcgjGuLU/uBL/ubcZF9OXbDo8ff4O8yVp5Bf0efS8uEoYo5q4Fx7dY9OgQGXgAsQA=="
        },
        "node_modules/commander": {
            "version": "11.1.0",
            "resolved": "https://registry.npmjs.org/commander/-/commander-11.1.0.tgz",
            "integrity": "sha512-yPVavfyCcRhmorC7rWlkHn15b4wDVgVmBA7kV4QVBsF7kv/9TKJAbAXVTxvTnwP8HHKjRCJDClKbciiYS7p0DQ==",
            "engines": {
                "node": ">=16"
            }
        },
        "node_modules/cross-spawn": {
            "version": "7.0.3",
            "resolved": "https://registry.npmjs.org/cross-spawn/-/cross-spawn-7.0.3.tgz",
            "integrity": "sha512-iRDPJKUPVEND7dHPO8rkbOnPpyDygcDFtWjpeWNCgy8WP2rXcxXL8TskReQl6OrB2G7+UJrags1q15Fudc7G6w==",
            "dependencies": {
                "path-key": "^3.1.0",
                "shebang-command": "^2.0.0",
                "which": "^2.0.1"
            },
            "engines": {
                "node": ">= 8"
            }
        },
        "node_modules/dotenv": {
            "version": "16.3.1",
            "resolved": "https://registry.npmjs.org/dotenv/-/dotenv-16.3.1.tgz",
            "integrity": "sha512-IPzF4w4/Rd94bA9imS68tZBaYyBWSCE47V1RGuMrB94iyTOIEwRmVL2x/4An+6mETpLrKJ5hQkB8W4kFAadeIQ==",
            "engines": {
                "node": ">=12"
            },
            "funding": {
                "url": "https://github.com/motdotla/dotenv?sponsor=1"
            }
        },
        "node_modules/eastasianwidth": {
            "version": "0.2.0",
            "resolved": "https://registry.npmjs.org/eastasianwidth/-/eastasianwidth-0.2.0.tgz",
            "integrity": "sha512-I88TYZWc9XiYHRQ4/3c5rjjfgkjhLyW2luGIheGERbNQ6OY7yTybanSpDXZa8y7VUP9YmDcYa+eyq4ca7iLqWA=="
        },
        "node_modules/effect": {
            "version": "2.0.0-next.54",
            "resolved": "https://registry.npmjs.org/effect/-/effect-2.0.0-next.54.tgz",
            "integrity": "sha512-qROhKMxlm6fpa90YRfWSgKeelDfhaDq2igPK+pIKupGehiCnZH4vd2qrY71HVZ10qZgXxh0VXpGyDQxJC+EQqw==",
            "peer": true
        },
        "node_modules/emoji-regex": {
            "version": "9.2.2",
            "resolved": "https://registry.npmjs.org/emoji-regex/-/emoji-regex-9.2.2.tgz",
            "integrity": "sha512-L18DaJsXSUk2+42pv8mLs5jJT2hqFkFE4j21wOmgbUqsZ2hL72NsUU785g9RXgo3s0ZNgVl42TiHp3ZtOv/Vyg=="
        },
        "node_modules/eventemitter3": {
            "version": "5.0.1",
            "resolved": "https://registry.npmjs.org/eventemitter3/-/eventemitter3-5.0.1.tgz",
            "integrity": "sha512-GWkBvjiSZK87ELrYOSESUYeVIc9mvLLf/nXalMOS5dYrgZq9o5OVkbZAVM06CVxYsCwH9BDZFPlQTlPA1j4ahA=="
        },
        "node_modules/fast-check": {
            "version": "3.14.0",
            "resolved": "https://registry.npmjs.org/fast-check/-/fast-check-3.14.0.tgz",
            "integrity": "sha512-9Z0zqASzDNjXBox/ileV/fd+4P+V/f3o4shM6QawvcdLFh8yjPG4h5BrHUZ8yzY6amKGDTAmRMyb/JZqe+dCgw==",
            "funding": [
                {
                    "type": "individual",
                    "url": "https://github.com/sponsors/dubzzz"
                },
                {
                    "type": "opencollective",
                    "url": "https://opencollective.com/fast-check"
                }
            ],
            "peer": true,
            "dependencies": {
                "pure-rand": "^6.0.0"
            },
            "engines": {
                "node": ">=8.0.0"
            }
        },
        "node_modules/foreground-child": {
            "version": "3.1.1",
            "resolved": "https://registry.npmjs.org/foreground-child/-/foreground-child-3.1.1.tgz",
            "integrity": "sha512-TMKDUnIte6bfb5nWv7V/caI169OHgvwjb7V4WkeUvbQQdjr5rWKqHFiKWb/fcOwB+CzBT+qbWjvj+DVwRskpIg==",
            "dependencies": {
                "cross-spawn": "^7.0.0",
                "signal-exit": "^4.0.1"
            },
            "engines": {
                "node": ">=14"
            },
            "funding": {
                "url": "https://github.com/sponsors/isaacs"
            }
        },
        "node_modules/glob": {
            "version": "10.3.10",
            "resolved": "https://registry.npmjs.org/glob/-/glob-10.3.10.tgz",
            "integrity": "sha512-fa46+tv1Ak0UPK1TOy/pZrIybNNt4HCv7SDzwyfiOZkvZLEbjsZkJBPtDHVshZjbecAoAGSC20MjLDG/qr679g==",
            "dependencies": {
                "foreground-child": "^3.1.0",
                "jackspeak": "^2.3.5",
                "minimatch": "^9.0.1",
                "minipass": "^5.0.0 || ^6.0.2 || ^7.0.0",
                "path-scurry": "^1.10.1"
            },
            "bin": {
                "glob": "dist/esm/bin.mjs"
            },
            "engines": {
                "node": ">=16 || 14 >=14.17"
            },
            "funding": {
                "url": "https://github.com/sponsors/isaacs"
            }
        },
        "node_modules/is-fullwidth-code-point": {
            "version": "3.0.0",
            "resolved": "https://registry.npmjs.org/is-fullwidth-code-point/-/is-fullwidth-code-point-3.0.0.tgz",
            "integrity": "sha512-zymm5+u+sCsSWyD9qNaejV3DFvhCKclKdizYaJUuHA83RLjb7nSuGnddCHGv0hk+KY7BMAlsWeK4Ueg6EV6XQg==",
            "engines": {
                "node": ">=8"
            }
        },
        "node_modules/isexe": {
            "version": "2.0.0",
            "resolved": "https://registry.npmjs.org/isexe/-/isexe-2.0.0.tgz",
            "integrity": "sha512-RHxMLp9lnKHGHRng9QFhRCMbYAcVpn69smSGcq3f36xjgVVWThj4qqLbTLlq7Ssj8B+fIQ1EuCEGI2lKsyQeIw=="
        },
        "node_modules/jackspeak": {
            "version": "2.3.6",
            "resolved": "https://registry.npmjs.org/jackspeak/-/jackspeak-2.3.6.tgz",
            "integrity": "sha512-N3yCS/NegsOBokc8GAdM8UcmfsKiSS8cipheD/nivzr700H+nsMOxJjQnvwOcRYVuFkdH0wGUvW2WbXGmrZGbQ==",
            "dependencies": {
                "@isaacs/cliui": "^8.0.2"
            },
            "engines": {
                "node": ">=14"
            },
            "funding": {
                "url": "https://github.com/sponsors/isaacs"
            },
            "optionalDependencies": {
                "@pkgjs/parseargs": "^0.11.0"
            }
        },
        "node_modules/lru-cache": {
            "version": "10.1.0",
            "resolved": "https://registry.npmjs.org/lru-cache/-/lru-cache-10.1.0.tgz",
            "integrity": "sha512-/1clY/ui8CzjKFyjdvwPWJUYKiFVXG2I2cY0ssG7h4+hwk+XOIX7ZSG9Q7TW8TW3Kp3BUSqgFWBLgL4PJ+Blag==",
            "engines": {
                "node": "14 || >=16.14"
            }
        },
        "node_modules/minimatch": {
            "version": "9.0.3",
            "resolved": "https://registry.npmjs.org/minimatch/-/minimatch-9.0.3.tgz",
            "integrity": "sha512-RHiac9mvaRw0x3AYRgDC1CxAP7HTcNrrECeA8YYJeWnpo+2Q5CegtZjaotWTWxDG3UeGA1coE05iH1mPjT/2mg==",
            "dependencies": {
                "brace-expansion": "^2.0.1"
            },
            "engines": {
                "node": ">=16 || 14 >=14.17"
            },
            "funding": {
                "url": "https://github.com/sponsors/isaacs"
            }
        },
        "node_modules/minipass": {
            "version": "7.0.4",
            "resolved": "https://registry.npmjs.org/minipass/-/minipass-7.0.4.tgz",
            "integrity": "sha512-jYofLM5Dam9279rdkWzqHozUo4ybjdZmCsDHePy5V/PbBcVMiSZR97gmAy45aqi8CK1lG2ECd356FU86avfwUQ==",
            "engines": {
                "node": ">=16 || 14 >=14.17"
            }
        },
        "node_modules/path-key": {
            "version": "3.1.1",
            "resolved": "https://registry.npmjs.org/path-key/-/path-key-3.1.1.tgz",
            "integrity": "sha512-ojmeN0qd+y0jszEtoY48r0Peq5dwMEkIlCOu6Q5f41lfkswXuKtYrhgoTpLnyIcHm24Uhqx+5Tqm2InSwLhE6Q==",
            "engines": {
                "node": ">=8"
            }
        },
        "node_modules/path-scurry": {
            "version": "1.10.1",
            "resolved": "https://registry.npmjs.org/path-scurry/-/path-scurry-1.10.1.tgz",
            "integrity": "sha512-MkhCqzzBEpPvxxQ71Md0b1Kk51W01lrYvlMzSUaIzNsODdd7mqhiimSZlr+VegAz5Z6Vzt9Xg2ttE//XBhH3EQ==",
            "dependencies": {
                "lru-cache": "^9.1.1 || ^10.0.0",
                "minipass": "^5.0.0 || ^6.0.2 || ^7.0.0"
            },
            "engines": {
                "node": ">=16 || 14 >=14.17"
            },
            "funding": {
                "url": "https://github.com/sponsors/isaacs"
            }
        },
        "node_modules/prom-client": {
            "version": "15.0.0",
            "resolved": "https://registry.npmjs.org/prom-client/-/prom-client-15.0.0.tgz",
            "integrity": "sha512-UocpgIrKyA2TKLVZDSfm8rGkL13C19YrQBAiG3xo3aDFWcHedxRxI3z+cIcucoxpSO0h5lff5iv/SXoxyeopeA==",
            "dependencies": {
                "@opentelemetry/api": "^1.4.0",
                "tdigest": "^0.1.1"
            },
            "engines": {
                "node": "^16 || ^18 || >=20"
            }
        },
        "node_modules/pure-rand": {
            "version": "6.0.4",
            "resolved": "https://registry.npmjs.org/pure-rand/-/pure-rand-6.0.4.tgz",
            "integrity": "sha512-LA0Y9kxMYv47GIPJy6MI84fqTd2HmYZI83W/kM/SkKfDlajnZYfmXFTxkbY+xSBPkLJxltMa9hIkmdc29eguMA==",
            "funding": [
                {
                    "type": "individual",
                    "url": "https://github.com/sponsors/dubzzz"
                },
                {
                    "type": "opencollective",
                    "url": "https://opencollective.com/fast-check"
                }
            ],
            "peer": true
        },
        "node_modules/shebang-command": {
            "version": "2.0.0",
            "resolved": "https://registry.npmjs.org/shebang-command/-/shebang-command-2.0.0.tgz",
            "integrity": "sha512-kHxr2zZpYtdmrN1qDjrrX/Z1rR1kG8Dx+gkpK1G4eXmvXswmcE1hTWBWYUzlraYw1/yZp6YuDY77YtvbN0dmDA==",
            "dependencies": {
                "shebang-regex": "^3.0.0"
            },
            "engines": {
                "node": ">=8"
            }
        },
        "node_modules/shebang-regex": {
            "version": "3.0.0",
            "resolved": "https://registry.npmjs.org/shebang-regex/-/shebang-regex-3.0.0.tgz",
            "integrity": "sha512-7++dFhtcx3353uBaq8DDR4NuxBetBzC7ZQOhmTQInHEd6bSrXdiEyzCvG07Z44UYdLShWUyXt5M/yhz8ekcb1A==",
            "engines": {
                "node": ">=8"
            }
        },
        "node_modules/signal-exit": {
            "version": "4.1.0",
            "resolved": "https://registry.npmjs.org/signal-exit/-/signal-exit-4.1.0.tgz",
            "integrity": "sha512-bzyZ1e88w9O1iNJbKnOlvYTrWPDl46O1bG0D3XInv+9tkPrxrN8jUUTiFlDkkmKWgn1M6CfIA13SuGqOa9Korw==",
            "engines": {
                "node": ">=14"
            },
            "funding": {
                "url": "https://github.com/sponsors/isaacs"
            }
        },
        "node_modules/string-width": {
            "version": "5.1.2",
            "resolved": "https://registry.npmjs.org/string-width/-/string-width-5.1.2.tgz",
            "integrity": "sha512-HnLOCR3vjcY8beoNLtcjZ5/nxn2afmME6lhrDrebokqMap+XbeW8n9TXpPDOqdGK5qcI3oT0GKTW6wC7EMiVqA==",
            "dependencies": {
                "eastasianwidth": "^0.2.0",
                "emoji-regex": "^9.2.2",
                "strip-ansi": "^7.0.1"
            },
            "engines": {
                "node": ">=12"
            },
            "funding": {
                "url": "https://github.com/sponsors/sindresorhus"
            }
        },
        "node_modules/string-width-cjs": {
            "name": "string-width",
            "version": "4.2.3",
            "resolved": "https://registry.npmjs.org/string-width/-/string-width-4.2.3.tgz",
            "integrity": "sha512-wKyQRQpjJ0sIp62ErSZdGsjMJWsap5oRNihHhu6G7JVO/9jIB6UyevL+tXuOqrng8j/cxKTWyWUwvSTriiZz/g==",
            "dependencies": {
                "emoji-regex": "^8.0.0",
                "is-fullwidth-code-point": "^3.0.0",
                "strip-ansi": "^6.0.1"
            },
            "engines": {
                "node": ">=8"
            }
        },
        "node_modules/string-width-cjs/node_modules/ansi-regex": {
            "version": "5.0.1",
            "resolved": "https://registry.npmjs.org/ansi-regex/-/ansi-regex-5.0.1.tgz",
            "integrity": "sha512-quJQXlTSUGL2LH9SUXo8VwsY4soanhgo6LNSm84E1LBcE8s3O0wpdiRzyR9z/ZZJMlMWv37qOOb9pdJlMUEKFQ==",
            "engines": {
                "node": ">=8"
            }
        },
        "node_modules/string-width-cjs/node_modules/emoji-regex": {
            "version": "8.0.0",
            "resolved": "https://registry.npmjs.org/emoji-regex/-/emoji-regex-8.0.0.tgz",
            "integrity": "sha512-MSjYzcWNOA0ewAHpz0MxpYFvwg6yjy1NG3xteoqz644VCo/RPgnr1/GGt+ic3iJTzQ8Eu3TdM14SawnVUmGE6A=="
        },
        "node_modules/string-width-cjs/node_modules/strip-ansi": {
            "version": "6.0.1",
            "resolved": "https://registry.npmjs.org/strip-ansi/-/strip-ansi-6.0.1.tgz",
            "integrity": "sha512-Y38VPSHcqkFrCpFnQ9vuSXmquuv5oXOKpGeT6aGrr3o3Gc9AlVa6JBfUSOCnbxGGZF+/0ooI7KrPuUSztUdU5A==",
            "dependencies": {
                "ansi-regex": "^5.0.1"
            },
            "engines": {
                "node": ">=8"
            }
        },
        "node_modules/strip-ansi": {
            "version": "7.1.0",
            "resolved": "https://registry.npmjs.org/strip-ansi/-/strip-ansi-7.1.0.tgz",
            "integrity": "sha512-iq6eVVI64nQQTRYq2KtEg2d2uU7LElhTJwsH4YzIHZshxlgZms/wIc4VoDQTlG/IvVIrBKG06CrZnp0qv7hkcQ==",
            "dependencies": {
                "ansi-regex": "^6.0.1"
            },
            "engines": {
                "node": ">=12"
            },
            "funding": {
                "url": "https://github.com/chalk/strip-ansi?sponsor=1"
            }
        },
        "node_modules/strip-ansi-cjs": {
            "name": "strip-ansi",
            "version": "6.0.1",
            "resolved": "https://registry.npmjs.org/strip-ansi/-/strip-ansi-6.0.1.tgz",
            "integrity": "sha512-Y38VPSHcqkFrCpFnQ9vuSXmquuv5oXOKpGeT6aGrr3o3Gc9AlVa6JBfUSOCnbxGGZF+/0ooI7KrPuUSztUdU5A==",
            "dependencies": {
                "ansi-regex": "^5.0.1"
            },
            "engines": {
                "node": ">=8"
            }
        },
        "node_modules/strip-ansi-cjs/node_modules/ansi-regex": {
            "version": "5.0.1",
            "resolved": "https://registry.npmjs.org/ansi-regex/-/ansi-regex-5.0.1.tgz",
            "integrity": "sha512-quJQXlTSUGL2LH9SUXo8VwsY4soanhgo6LNSm84E1LBcE8s3O0wpdiRzyR9z/ZZJMlMWv37qOOb9pdJlMUEKFQ==",
            "engines": {
                "node": ">=8"
            }
        },
        "node_modules/substreams-sink": {
            "version": "0.13.2",
            "resolved": "https://registry.npmjs.org/substreams-sink/-/substreams-sink-0.13.2.tgz",
            "integrity": "sha512-SO4lPKWhsnJxTL9L1xhsjDwYsofpp1oeBsuEj+m2vK3GRFLeGnVAdmeDzEXELQKFQjzjjS3gcQwVaQKT/iX+Aw==",
            "dependencies": {
                "@substreams/core": "^0.7.0",
                "@substreams/manifest": "^0.6.0",
                "@substreams/node": "^0.4.2",
                "commander": "latest",
                "dotenv": "latest",
                "prom-client": "latest",
                "tslog": "latest"
            },
            "engines": {
                "node": ">=18"
            }
        },
        "node_modules/tdigest": {
            "version": "0.1.2",
            "resolved": "https://registry.npmjs.org/tdigest/-/tdigest-0.1.2.tgz",
            "integrity": "sha512-+G0LLgjjo9BZX2MfdvPfH+MKLCrxlXSYec5DaPYP1fe6Iyhf0/fSmJ0bFiZ1F8BT6cGXl2LpltQptzjXKWEkKA==",
            "dependencies": {
                "bintrees": "1.0.2"
            }
        },
        "node_modules/tslog": {
            "version": "4.9.2",
            "resolved": "https://registry.npmjs.org/tslog/-/tslog-4.9.2.tgz",
            "integrity": "sha512-wBM+LRJoNl34Bdu8mYEFxpvmOUedpNUwMNQB/NcuPIZKwdDde6xLHUev3bBjXQU7gdurX++X/YE7gLH8eXYsiQ==",
            "engines": {
                "node": ">=16"
            },
            "funding": {
                "url": "https://github.com/fullstack-build/tslog?sponsor=1"
            }
        },
        "node_modules/typescript": {
            "version": "5.3.2",
            "resolved": "https://registry.npmjs.org/typescript/-/typescript-5.3.2.tgz",
            "integrity": "sha512-6l+RyNy7oAHDfxC4FzSJcz9vnjTKxrLpDG5M2Vu4SHRVNg6xzqZp6LYSR9zjqQTu8DU/f5xwxUdADOkbrIX2gQ==",
            "dev": true,
            "bin": {
                "tsc": "bin/tsc",
                "tsserver": "bin/tsserver"
            },
            "engines": {
                "node": ">=14.17"
            }
        },
        "node_modules/which": {
            "version": "2.0.2",
            "resolved": "https://registry.npmjs.org/which/-/which-2.0.2.tgz",
            "integrity": "sha512-BLI3Tl1TW3Pvl70l3yq3Y64i+awpwXqsGBYWkkqMtnbXgrMD+yj7rhW0kuEDxzJaYXGjEW5ogapKNMEKNMjibA==",
            "dependencies": {
                "isexe": "^2.0.0"
            },
            "bin": {
                "node-which": "bin/node-which"
            },
            "engines": {
                "node": ">= 8"
            }
        },
        "node_modules/wrap-ansi": {
            "version": "8.1.0",
            "resolved": "https://registry.npmjs.org/wrap-ansi/-/wrap-ansi-8.1.0.tgz",
            "integrity": "sha512-si7QWI6zUMq56bESFvagtmzMdGOtoxfR+Sez11Mobfc7tm+VkUckk9bW2UeffTGVUbOksxmSw0AA2gs8g71NCQ==",
            "dependencies": {
                "ansi-styles": "^6.1.0",
                "string-width": "^5.0.1",
                "strip-ansi": "^7.0.1"
            },
            "engines": {
                "node": ">=12"
            },
            "funding": {
                "url": "https://github.com/chalk/wrap-ansi?sponsor=1"
            }
        },
        "node_modules/wrap-ansi-cjs": {
            "name": "wrap-ansi",
            "version": "7.0.0",
            "resolved": "https://registry.npmjs.org/wrap-ansi/-/wrap-ansi-7.0.0.tgz",
            "integrity": "sha512-YVGIj2kamLSTxw6NsZjoBxfSwsn0ycdesmc4p+Q21c5zPuZ1pl+NfxVdxPtdHvmNVOQ6XSYG4AUtyt/Fi7D16Q==",
            "dependencies": {
                "ansi-styles": "^4.0.0",
                "string-width": "^4.1.0",
                "strip-ansi": "^6.0.0"
            },
            "engines": {
                "node": ">=10"
            },
            "funding": {
                "url": "https://github.com/chalk/wrap-ansi?sponsor=1"
            }
        },
        "node_modules/wrap-ansi-cjs/node_modules/ansi-regex": {
            "version": "5.0.1",
            "resolved": "https://registry.npmjs.org/ansi-regex/-/ansi-regex-5.0.1.tgz",
            "integrity": "sha512-quJQXlTSUGL2LH9SUXo8VwsY4soanhgo6LNSm84E1LBcE8s3O0wpdiRzyR9z/ZZJMlMWv37qOOb9pdJlMUEKFQ==",
            "engines": {
                "node": ">=8"
            }
        },
        "node_modules/wrap-ansi-cjs/node_modules/ansi-styles": {
            "version": "4.3.0",
            "resolved": "https://registry.npmjs.org/ansi-styles/-/ansi-styles-4.3.0.tgz",
            "integrity": "sha512-zbB9rCJAT1rbjiVDb2hqKFHNYLxgtk8NURxZ3IZwD3F6NtxbXZQCnnSi1Lkx+IDohdPlFp222wVALIheZJQSEg==",
            "dependencies": {
                "color-convert": "^2.0.1"
            },
            "engines": {
                "node": ">=8"
            },
            "funding": {
                "url": "https://github.com/chalk/ansi-styles?sponsor=1"
            }
        },
        "node_modules/wrap-ansi-cjs/node_modules/emoji-regex": {
            "version": "8.0.0",
            "resolved": "https://registry.npmjs.org/emoji-regex/-/emoji-regex-8.0.0.tgz",
            "integrity": "sha512-MSjYzcWNOA0ewAHpz0MxpYFvwg6yjy1NG3xteoqz644VCo/RPgnr1/GGt+ic3iJTzQ8Eu3TdM14SawnVUmGE6A=="
        },
        "node_modules/wrap-ansi-cjs/node_modules/string-width": {
            "version": "4.2.3",
            "resolved": "https://registry.npmjs.org/string-width/-/string-width-4.2.3.tgz",
            "integrity": "sha512-wKyQRQpjJ0sIp62ErSZdGsjMJWsap5oRNihHhu6G7JVO/9jIB6UyevL+tXuOqrng8j/cxKTWyWUwvSTriiZz/g==",
            "dependencies": {
                "emoji-regex": "^8.0.0",
                "is-fullwidth-code-point": "^3.0.0",
                "strip-ansi": "^6.0.1"
            },
            "engines": {
                "node": ">=8"
            }
        },
        "node_modules/wrap-ansi-cjs/node_modules/strip-ansi": {
            "version": "6.0.1",
            "resolved": "https://registry.npmjs.org/strip-ansi/-/strip-ansi-6.0.1.tgz",
            "integrity": "sha512-Y38VPSHcqkFrCpFnQ9vuSXmquuv5oXOKpGeT6aGrr3o3Gc9AlVa6JBfUSOCnbxGGZF+/0ooI7KrPuUSztUdU5A==",
            "dependencies": {
                "ansi-regex": "^5.0.1"
            },
            "engines": {
                "node": ">=8"
            }
        },
        "node_modules/yaml": {
            "version": "2.3.4",
            "resolved": "https://registry.npmjs.org/yaml/-/yaml-2.3.4.tgz",
            "integrity": "sha512-8aAvwVUSHpfEqTQ4w/KMlf3HcRdt50E5ODIQJBw1fQ5RL34xabzxtUlzTXVqc4rkZsPbvrXKWnABCD7kWSmocA==",
            "peer": true,
            "engines": {
                "node": ">= 14"
            }
        }
    }
}
